
Microsoft Visual Studio Solution File, Format Version 12.00
# Visual Studio 15
VisualStudioVersion = 15.0.28010.2041
MinimumVisualStudioVersion = 10.0.40219.1
Project("{FAE04EC0-301F-11D3-BF4B-00C04F79EFBC}") = "addressbook-web-tests", "addressbook-web-tests\addressbook-web-tests.csproj", "{913B9AC9-2C43-4C28-BF37-B94F7A34066C}"
EndProject
Global
	GlobalSection(SolutionConfigurationPlatforms) = preSolution
		Debug|Any CPU = Debug|Any CPU
		Release|Any CPU = Release|Any CPU
	EndGlobalSection
	GlobalSection(ProjectConfigurationPlatforms) = postSolution
		{913B9AC9-2C43-4C28-BF37-B94F7A34066C}.Debug|Any CPU.ActiveCfg = Debug|Any CPU
		{913B9AC9-2C43-4C28-BF37-B94F7A34066C}.Debug|Any CPU.Build.0 = Debug|Any CPU
		{913B9AC9-2C43-4C28-BF37-B94F7A34066C}.Release|Any CPU.ActiveCfg = Release|Any CPU
		{913B9AC9-2C43-4C28-BF37-B94F7A34066C}.Release|Any CPU.Build.0 = Release|Any CPU
	EndGlobalSection
	GlobalSection(SolutionProperties) = preSolution
		HideSolutionNode = FALSE
	EndGlobalSection
	GlobalSection(ExtensibilityGlobals) = postSolution
		SolutionGuid = {8FEFBC40-C8EE-4ADB-B02D-754E96987F14}
	EndGlobalSection
EndGlobal
